
Microsoft Visual Studio Solution File, Format Version 12.00
# Visual Studio Version 17
VisualStudioVersion = 17.3.32825.248
MinimumVisualStudioVersion = 10.0.40219.1
Project("{FAE04EC0-301F-11D3-BF4B-00C04F79EFBC}") = "SkazStran", "SkazStran\SkazStran.csproj", "{C58C6C74-37A0-4B85-8048-81041C6EEE8A}"
EndProject
Global
	GlobalSection(SolutionConfigurationPlatforms) = preSolution
		Debug|Any CPU = Debug|Any CPU
		Release|Any CPU = Release|Any CPU
	EndGlobalSection
	GlobalSection(ProjectConfigurationPlatforms) = postSolution
		{C58C6C74-37A0-4B85-8048-81041C6EEE8A}.Debug|Any CPU.ActiveCfg = Debug|Any CPU
		{C58C6C74-37A0-4B85-8048-81041C6EEE8A}.Debug|Any CPU.Build.0 = Debug|Any CPU
		{C58C6C74-37A0-4B85-8048-81041C6EEE8A}.Release|Any CPU.ActiveCfg = Release|Any CPU
		{C58C6C74-37A0-4B85-8048-81041C6EEE8A}.Release|Any CPU.Build.0 = Release|Any CPU
	EndGlobalSection
	GlobalSection(SolutionProperties) = preSolution
		HideSolutionNode = FALSE
	EndGlobalSection
	GlobalSection(ExtensibilityGlobals) = postSolution
		SolutionGuid = {5264D12D-9F43-46C8-AB65-9EC10A863801}
	EndGlobalSection
EndGlobal
